{
  "name": "e07-games",
  "lockfileVersion": 3,
  "requires": true,
  "packages": {
    "": {
      "name": "e07-games",
      "workspaces": [
        "apps/*",
        "packages/*"
      ],
      "devDependencies": {
        "@react-native/jest-preset": "0.86.3",
        "@testing-library/react-native": "14.0.1",
        "eslint": "9.39.5",
        "jest": "29.7.0",
        "jest-expo": "57.0.5",
        "lefthook": "2.1.14",
        "test-renderer": "1.2.0",
        "typescript": "6.0.3",
        "typescript-eslint": "8.70.1"
      },
      "engines": {
        "node": ">=22.18",
        "npm": ">=11.17.0"
      }
    },
    "apps/alpha": {
      "name": "@e07/alpha",
      "version": "1.0.0",
      "dependencies": {
        "@e07/shell": "*",
        "@react-navigation/native": "7.4.1",
        "expo": "~57.0.25",
        "expo-haptics": "~57.0.3",
        "expo-system-ui": "~57.0.4",
        "expo-tracking-transparency": "~57.0.2",
        "react": "19.2.3",
        "react-native": "0.86.3",
        "react-native-google-mobile-ads": "17.2.0"
      }
    },
    "apps/beta": {
      "name": "@e07/beta",
      "version": "1.0.0",
      "dependencies": {
        "@e07/shell": "*",
        "@react-navigation/native": "7.4.1",
        "expo": "~57.0.25",
        "expo-haptics": "~57.0.3",
        "expo-system-ui": "~57.0.4",
        "expo-tracking-transparency": "~57.0.2",
        "react": "19.2.3",
        "react-native": "0.86.3",
        "react-native-google-mobile-ads": "17.2.0"
      }
    },
    "packages/game-kit": {
      "name": "@e07/game-kit",
      "version": "0.0.0"
    },
    "packages/shell": {
      "name": "@e07/shell",
      "version": "0.0.0",
      "dependencies": {
        "@e07/game-kit": "*",
        "zustand": "5.0.15"
      },
      "peerDependencies": {
        "@react-navigation/native": "*",
        "expo": "*",
        "expo-haptics": "*",
        "expo-tracking-transparency": "*",
        "react": "*",
        "react-native": "*",
        "react-native-google-mobile-ads": "*"
      }
    },
    "packages/tooling": {
      "name": "@e07/tooling",
      "version": "0.0.0",
      "devDependencies": {
        "@formatjs/icu-messageformat-parser": "3.5.20"
      }
    },
    "node_modules/@e07/alpha": {
      "resolved": "apps/alpha",
      "link": true
    },
    "node_modules/@e07/beta": {
      "resolved": "apps/beta",
      "link": true
    },
    "node_modules/@e07/game-kit": {
      "resolved": "packages/game-kit",
      "link": true
    },
    "node_modules/@e07/shell": {
      "resolved": "packages/shell",
      "link": true
    },
    "node_modules/@e07/tooling": {
      "resolved": "packages/tooling",
      "link": true
    },
    "node_modules/react": {
      "version": "19.2.3",
      "license": "MIT"
    },
    "node_modules/react-native": {
      "version": "0.86.3",
      "license": "MIT"
    },
    "node_modules/lefthook": {
      "version": "2.1.14",
      "dev": true,
      "hasInstallScript": true,
      "license": "MIT"
    },
    "node_modules/fsevents": {
      "version": "2.3.3",
      "optional": true,
      "hasInstallScript": true,
      "os": [
        "darwin"
      ],
      "license": "MIT"
    },
    "node_modules/fbjs/node_modules/cross-fetch": {
      "version": "3.1.8",
      "license": "MIT"
    },
    "node_modules/typescript-eslint": {
      "version": "8.70.1",
      "dev": true,
      "license": "MIT"
    },
    "node_modules/@typescript-eslint/eslint-plugin": {
      "version": "8.70.1",
      "dev": true,
      "license": "MIT"
    },
    "node_modules/@typescript-eslint/parser": {
      "version": "8.70.1",
      "dev": true,
      "license": "MIT"
    },
    "node_modules/@typescript-eslint/project-service": {
      "version": "8.70.1",
      "dev": true,
      "license": "MIT"
    },
    "node_modules/@typescript-eslint/scope-manager": {
      "version": "8.70.1",
      "dev": true,
      "license": "MIT"
    },
    "node_modules/@typescript-eslint/tsconfig-utils": {
      "version": "8.70.1",
      "dev": true,
      "license": "MIT"
    },
    "node_modules/@typescript-eslint/type-utils": {
      "version": "8.70.1",
      "dev": true,
      "license": "MIT"
    },
    "node_modules/@typescript-eslint/types": {
      "version": "8.70.1",
      "dev": true,
      "license": "MIT"
    },
    "node_modules/@typescript-eslint/typescript-estree": {
      "version": "8.70.1",
      "dev": true,
      "license": "MIT"
    },
    "node_modules/@typescript-eslint/utils": {
      "version": "8.70.1",
      "dev": true,
      "license": "MIT"
    },
    "node_modules/@typescript-eslint/visitor-keys": {
      "version": "8.70.1",
      "dev": true,
      "license": "MIT"
    },
    "node_modules/@testing-library/react-native": {
      "version": "14.0.1",
      "dev": true,
      "license": "MIT"
    },
    "node_modules/test-renderer": {
      "version": "1.2.0",
      "dev": true,
      "license": "MIT"
    },
    "node_modules/expo-haptics": {
      "version": "57.0.3",
      "license": "MIT"
    },
    "node_modules/expo-tracking-transparency": {
      "version": "57.0.2",
      "license": "MIT"
    },
    "node_modules/globals": {
      "version": "17.12.0",
      "dev": true,
      "license": "MIT"
    },
    "node_modules/@eslint/eslintrc/node_modules/globals": {
      "version": "14.0.0",
      "dev": true,
      "license": "MIT"
    },
    "node_modules/@react-native/jest-preset": {
      "version": "0.86.3",
      "dev": true,
      "license": "MIT"
    }
  }
}
