{
  "name": "fixture-repo",
  "lockfileVersion": 3,
  "packages": {
    "": { "name": "fixture-repo", "workspaces": ["apps/*", "packages/*"] },
    "apps/demo-game": { "name": "@e07/demo-game", "dependencies": { "expo": "~57.0.25", "expo-iap": "5.8.0", "expo-network": "~57.0.2", "expo-tracking-transparency": "~57.0.2", "react-native-google-mobile-ads": "17.2.0" } },
    "node_modules/expo": { "version": "57.0.25" },
    "node_modules/expo-iap": { "version": "5.8.0" },
    "node_modules/expo-network": { "version": "57.0.2" },
    "node_modules/expo-tracking-transparency": { "version": "57.0.2" },
    "node_modules/react-native-google-mobile-ads": { "version": "17.2.0" },
    "node_modules/@iabtcf/core": { "version": "1.5.6" },
    "node_modules/whatwg-fetch": { "version": "3.6.20" }
  }
}
