{
  "name": "e07-games",
  "lockfileVersion": 3,
  "requires": true,
  "packages": {
    "": {
      "name": "e07-games",
      "workspaces": [
        "apps/*",
        "packages/*"
      ],
      "devDependencies": {
        "@react-native/eslint-plugin": "0.86.3",
        "@react-native/jest-preset": "0.86.3",
        "@types/jest": "29.5.14",
        "@types/react": "19.2.18",
        "eslint-config-expo": "57.0.2",
        "jest": "29.7.0",
        "jest-expo": "57.0.5",
        "lefthook": "2.1.14",
        "test-renderer": "1.2.0",
        "typescript": "6.0.3"
      }
    },
    "node_modules/react": {
      "version": "19.2.3"
    },
    "node_modules/react-native": {
      "version": "0.86.3"
    },
    "node_modules/react-native-reanimated": {
      "version": "4.5.1"
    },
    "node_modules/react-native-worklets": {
      "version": "0.10.1"
    },
    "node_modules/react-native-gesture-handler": {
      "version": "2.32.0"
    },
    "node_modules/@shopify/react-native-skia": {
      "version": "2.6.2"
    },
    "node_modules/expo": {
      "version": "57.0.25"
    }
  }
}
